// !$*UTF8*$!
{
	archiveVersion = 1;
	classes = {
	};
	objectVersion = 46;
	objects = {

/* Begin PBXBuildFile section */
		900064682A44750A008B7CF9 /* DebugLog.swift in Sources */ = {isa = PBXBuildFile; fileRef = 900064582A44750A008B7CF9 /* DebugLog.swift */; };
		9000646A2A44750A008B7CF9 /* Bars.swift in Sources */ = {isa = PBXBuildFile; fileRef = 9000645C2A44750A008B7CF9 /* Bars.swift */; };
		9000646B2A44750A008B7CF9 /* Level.swift in Sources */ = {isa = PBXBuildFile; fileRef = 9000645D2A44750A008B7CF9 /* Level.swift */; };
		9000646C2A44750A008B7CF9 /* Alert.swift in Sources */ = {isa = PBXBuildFile; fileRef = 9000645F2A44750A008B7CF9 /* Alert.swift */; };
		9000646D2A44750A008B7CF9 /* UIViewController+.swift in Sources */ = {isa = PBXBuildFile; fileRef = 900064602A44750A008B7CF9 /* UIViewController+.swift */; };
		9000646F2A44750A008B7CF9 /* Constants.swift in Sources */ = {isa = PBXBuildFile; fileRef = 900064632A44750A008B7CF9 /* Constants.swift */; };
		900064702A44750B008B7CF9 /* Bs.swift in Sources */ = {isa = PBXBuildFile; fileRef = 900064642A44750A008B7CF9 /* Bs.swift */; };
		900064712A44750B008B7CF9 /* Which.swift in Sources */ = {isa = PBXBuildFile; fileRef = 900064652A44750A008B7CF9 /* Which.swift */; };
		900064722A44750B008B7CF9 /* BarStore.swift in Sources */ = {isa = PBXBuildFile; fileRef = 900064662A44750A008B7CF9 /* BarStore.swift */; };
		900064732A44750B008B7CF9 /* Cp.swift in Sources */ = {isa = PBXBuildFile; fileRef = 900064672A44750A008B7CF9 /* Cp.swift */; };
		900064802A447513008B7CF9 /* Bar.swift in Sources */ = {isa = PBXBuildFile; fileRef = 900064782A447513008B7CF9 /* Bar.swift */; };
		900064812A447513008B7CF9 /* FieldView.swift in Sources */ = {isa = PBXBuildFile; fileRef = 900064792A447513008B7CF9 /* FieldView.swift */; };
		900064822A447513008B7CF9 /* NextBarField.swift in Sources */ = {isa = PBXBuildFile; fileRef = 9000647A2A447513008B7CF9 /* NextBarField.swift */; };
		900064832A447513008B7CF9 /* TetrisViewController.swift in Sources */ = {isa = PBXBuildFile; fileRef = 9000647D2A447513008B7CF9 /* TetrisViewController.swift */; };
		900064842A447513008B7CF9 /* Tetris.storyboard in Resources */ = {isa = PBXBuildFile; fileRef = 9000647E2A447513008B7CF9 /* Tetris.storyboard */; };
		900064862A47368B008B7CF9 /* Random.swift in Sources */ = {isa = PBXBuildFile; fileRef = 900064852A47368B008B7CF9 /* Random.swift */; };
		900064882A48738C008B7CF9 /* Bar.xib in Resources */ = {isa = PBXBuildFile; fileRef = 900064872A48738C008B7CF9 /* Bar.xib */; };
		9000648C2A4875A3008B7CF9 /* UIView+.swift in Sources */ = {isa = PBXBuildFile; fileRef = 9000648B2A4875A3008B7CF9 /* UIView+.swift */; };
		901523FD2A48927C005B1AE0 /* bar.png in Resources */ = {isa = PBXBuildFile; fileRef = 901523FC2A48927C005B1AE0 /* bar.png */; };
		901523FF2A489281005B1AE0 /* empty.png in Resources */ = {isa = PBXBuildFile; fileRef = 901523FE2A489281005B1AE0 /* empty.png */; };
		901524052A48970F005B1AE0 /* UIColor+.swift in Sources */ = {isa = PBXBuildFile; fileRef = 901524042A48970F005B1AE0 /* UIColor+.swift */; };
		9095E5B22A4291D900BD97F1 /* TetrisUnitTest.swift in Sources */ = {isa = PBXBuildFile; fileRef = 9095E5B12A4291D900BD97F1 /* TetrisUnitTest.swift */; };
		9095E5B92A4297CA00BD97F1 /* TetrisBarTest.swift in Sources */ = {isa = PBXBuildFile; fileRef = 9095E5B82A4297CA00BD97F1 /* TetrisBarTest.swift */; };
		C791D7D81FE6205E00983F80 /* AppDelegate.swift in Sources */ = {isa = PBXBuildFile; fileRef = F0B335691F0E517100A8F6DF /* AppDelegate.swift */; };
		F0B335741F0E517200A8F6DF /* LaunchScreen.storyboard in Resources */ = {isa = PBXBuildFile; fileRef = F0B335721F0E517200A8F6DF /* LaunchScreen.storyboard */; };
/* End PBXBuildFile section */

/* Begin PBXContainerItemProxy section */
		9095E5B32A4291D900BD97F1 /* PBXContainerItemProxy */ = {
			isa = PBXContainerItemProxy;
			containerPortal = F0B3355E1F0E517000A8F6DF /* Project object */;
			proxyType = 1;
			remoteGlobalIDString = F0B335651F0E517100A8F6DF;
			remoteInfo = Tetris;
		};
/* End PBXContainerItemProxy section */

/* Begin PBXCopyFilesBuildPhase section */
		F0E8A8071F937A0F00258E76 /* Embed Frameworks */ = {
			isa = PBXCopyFilesBuildPhase;
			buildActionMask = 2147483647;
			dstPath = "";
			dstSubfolderSpec = 10;
			files = (
			);
			name = "Embed Frameworks";
			runOnlyForDeploymentPostprocessing = 0;
		};
/* End PBXCopyFilesBuildPhase section */

/* Begin PBXFileReference section */
		900064582A44750A008B7CF9 /* DebugLog.swift */ = {isa = PBXFileReference; fileEncoding = 4; lastKnownFileType = sourcecode.swift; path = DebugLog.swift; sourceTree = "<group>"; };
		9000645C2A44750A008B7CF9 /* Bars.swift */ = {isa = PBXFileReference; fileEncoding = 4; lastKnownFileType = sourcecode.swift; path = Bars.swift; sourceTree = "<group>"; };
		9000645D2A44750A008B7CF9 /* Level.swift */ = {isa = PBXFileReference; fileEncoding = 4; lastKnownFileType = sourcecode.swift; path = Level.swift; sourceTree = "<group>"; };
		9000645F2A44750A008B7CF9 /* Alert.swift */ = {isa = PBXFileReference; fileEncoding = 4; lastKnownFileType = sourcecode.swift; path = Alert.swift; sourceTree = "<group>"; };
		900064602A44750A008B7CF9 /* UIViewController+.swift */ = {isa = PBXFileReference; fileEncoding = 4; lastKnownFileType = sourcecode.swift; path = "UIViewController+.swift"; sourceTree = "<group>"; };
		900064632A44750A008B7CF9 /* Constants.swift */ = {isa = PBXFileReference; fileEncoding = 4; lastKnownFileType = sourcecode.swift; path = Constants.swift; sourceTree = "<group>"; };
		900064642A44750A008B7CF9 /* Bs.swift */ = {isa = PBXFileReference; fileEncoding = 4; lastKnownFileType = sourcecode.swift; path = Bs.swift; sourceTree = "<group>"; };
		900064652A44750A008B7CF9 /* Which.swift */ = {isa = PBXFileReference; fileEncoding = 4; lastKnownFileType = sourcecode.swift; path = Which.swift; sourceTree = "<group>"; };
		900064662A44750A008B7CF9 /* BarStore.swift */ = {isa = PBXFileReference; fileEncoding = 4; lastKnownFileType = sourcecode.swift; path = BarStore.swift; sourceTree = "<group>"; };
		900064672A44750A008B7CF9 /* Cp.swift */ = {isa = PBXFileReference; fileEncoding = 4; lastKnownFileType = sourcecode.swift; path = Cp.swift; sourceTree = "<group>"; };
		900064782A447513008B7CF9 /* Bar.swift */ = {isa = PBXFileReference; fileEncoding = 4; lastKnownFileType = sourcecode.swift; path = Bar.swift; sourceTree = "<group>"; };
		900064792A447513008B7CF9 /* FieldView.swift */ = {isa = PBXFileReference; fileEncoding = 4; lastKnownFileType = sourcecode.swift; path = FieldView.swift; sourceTree = "<group>"; };
		9000647A2A447513008B7CF9 /* NextBarField.swift */ = {isa = PBXFileReference; fileEncoding = 4; lastKnownFileType = sourcecode.swift; path = NextBarField.swift; sourceTree = "<group>"; };
		9000647D2A447513008B7CF9 /* TetrisViewController.swift */ = {isa = PBXFileReference; fileEncoding = 4; lastKnownFileType = sourcecode.swift; path = TetrisViewController.swift; sourceTree = "<group>"; };
		9000647E2A447513008B7CF9 /* Tetris.storyboard */ = {isa = PBXFileReference; fileEncoding = 4; lastKnownFileType = file.storyboard; path = Tetris.storyboard; sourceTree = "<group>"; };
		900064852A47368B008B7CF9 /* Random.swift */ = {isa = PBXFileReference; lastKnownFileType = sourcecode.swift; path = Random.swift; sourceTree = "<group>"; };
		900064872A48738C008B7CF9 /* Bar.xib */ = {isa = PBXFileReference; lastKnownFileType = file.xib; path = Bar.xib; sourceTree = "<group>"; };
		9000648B2A4875A3008B7CF9 /* UIView+.swift */ = {isa = PBXFileReference; lastKnownFileType = sourcecode.swift; path = "UIView+.swift"; sourceTree = "<group>"; };
		901523FC2A48927C005B1AE0 /* bar.png */ = {isa = PBXFileReference; lastKnownFileType = image.png; path = bar.png; sourceTree = "<group>"; };
		901523FE2A489281005B1AE0 /* empty.png */ = {isa = PBXFileReference; lastKnownFileType = image.png; path = empty.png; sourceTree = "<group>"; };
		901524042A48970F005B1AE0 /* UIColor+.swift */ = {isa = PBXFileReference; fileEncoding = 4; lastKnownFileType = sourcecode.swift; path = "UIColor+.swift"; sourceTree = "<group>"; };
		9095E5AF2A4291D900BD97F1 /* TetrisUnitTest.xctest */ = {isa = PBXFileReference; explicitFileType = wrapper.cfbundle; includeInIndex = 0; path = TetrisUnitTest.xctest; sourceTree = BUILT_PRODUCTS_DIR; };
		9095E5B12A4291D900BD97F1 /* TetrisUnitTest.swift */ = {isa = PBXFileReference; lastKnownFileType = sourcecode.swift; path = TetrisUnitTest.swift; sourceTree = "<group>"; };
		9095E5B82A4297CA00BD97F1 /* TetrisBarTest.swift */ = {isa = PBXFileReference; lastKnownFileType = sourcecode.swift; path = TetrisBarTest.swift; sourceTree = "<group>"; };
		F0B335661F0E517100A8F6DF /* Tetris.app */ = {isa = PBXFileReference; explicitFileType = wrapper.application; includeInIndex = 0; path = Tetris.app; sourceTree = BUILT_PRODUCTS_DIR; };
		F0B335691F0E517100A8F6DF /* AppDelegate.swift */ = {isa = PBXFileReference; lastKnownFileType = sourcecode.swift; path = AppDelegate.swift; sourceTree = "<group>"; };
		F0B335731F0E517200A8F6DF /* Base */ = {isa = PBXFileReference; lastKnownFileType = file.storyboard; name = Base; path = Base.lproj/LaunchScreen.storyboard; sourceTree = "<group>"; };
		F0B335751F0E517200A8F6DF /* Info.plist */ = {isa = PBXFileReference; lastKnownFileType = text.plist.xml; path = Info.plist; sourceTree = "<group>"; };
/* End PBXFileReference section */

/* Begin PBXFrameworksBuildPhase section */
		9095E5AC2A4291D900BD97F1 /* Frameworks */ = {
			isa = PBXFrameworksBuildPhase;
			buildActionMask = 2147483647;
			files = (
			);
			runOnlyForDeploymentPostprocessing = 0;
		};
		F0B335631F0E517100A8F6DF /* Frameworks */ = {
			isa = PBXFrameworksBuildPhase;
			buildActionMask = 2147483647;
			files = (
			);
			runOnlyForDeploymentPostprocessing = 0;
		};
/* End PBXFrameworksBuildPhase section */

/* Begin PBXGroup section */
		900064562A44750A008B7CF9 /* Model */ = {
			isa = PBXGroup;
			children = (
				900064592A44750A008B7CF9 /* Component */,
				9000645E2A44750A008B7CF9 /* Extention */,
				900064622A44750A008B7CF9 /* Store */,
				900064572A44750A008B7CF9 /* Util */,
			);
			path = Model;
			sourceTree = "<group>";
		};
		900064572A44750A008B7CF9 /* Util */ = {
			isa = PBXGroup;
			children = (
				900064582A44750A008B7CF9 /* DebugLog.swift */,
				900064852A47368B008B7CF9 /* Random.swift */,
			);
			path = Util;
			sourceTree = "<group>";
		};
		900064592A44750A008B7CF9 /* Component */ = {
			isa = PBXGroup;
			children = (
				9000645B2A44750A008B7CF9 /* GameComponent */,
			);
			path = Component;
			sourceTree = "<group>";
		};
		9000645B2A44750A008B7CF9 /* GameComponent */ = {
			isa = PBXGroup;
			children = (
				9000645C2A44750A008B7CF9 /* Bars.swift */,
				9000645D2A44750A008B7CF9 /* Level.swift */,
			);
			path = GameComponent;
			sourceTree = "<group>";
		};
		9000645E2A44750A008B7CF9 /* Extention */ = {
			isa = PBXGroup;
			children = (
				9000645F2A44750A008B7CF9 /* Alert.swift */,
				900064602A44750A008B7CF9 /* UIViewController+.swift */,
				9000648B2A4875A3008B7CF9 /* UIView+.swift */,
				901524042A48970F005B1AE0 /* UIColor+.swift */,
			);
			path = Extention;
			sourceTree = "<group>";
		};
		900064622A44750A008B7CF9 /* Store */ = {
			isa = PBXGroup;
			children = (
				900064662A44750A008B7CF9 /* BarStore.swift */,
				900064642A44750A008B7CF9 /* Bs.swift */,
				900064632A44750A008B7CF9 /* Constants.swift */,
				900064672A44750A008B7CF9 /* Cp.swift */,
				900064652A44750A008B7CF9 /* Which.swift */,
			);
			path = Store;
			sourceTree = "<group>";
		};
		900064742A447513008B7CF9 /* View */ = {
			isa = PBXGroup;
			children = (
				900064772A447513008B7CF9 /* View */,
				9000647B2A447513008B7CF9 /* ViewController */,
			);
			path = View;
			sourceTree = "<group>";
		};
		900064772A447513008B7CF9 /* View */ = {
			isa = PBXGroup;
			children = (
				900064782A447513008B7CF9 /* Bar.swift */,
				900064872A48738C008B7CF9 /* Bar.xib */,
				900064792A447513008B7CF9 /* FieldView.swift */,
				9000647A2A447513008B7CF9 /* NextBarField.swift */,
			);
			path = View;
			sourceTree = "<group>";
		};
		9000647B2A447513008B7CF9 /* ViewController */ = {
			isa = PBXGroup;
			children = (
				9000647C2A447513008B7CF9 /* Game */,
			);
			path = ViewController;
			sourceTree = "<group>";
		};
		9000647C2A447513008B7CF9 /* Game */ = {
			isa = PBXGroup;
			children = (
				9000647E2A447513008B7CF9 /* Tetris.storyboard */,
				9000647D2A447513008B7CF9 /* TetrisViewController.swift */,
			);
			path = Game;
			sourceTree = "<group>";
		};
		901523FB2A489266005B1AE0 /* Resource */ = {
			isa = PBXGroup;
			children = (
				901523FE2A489281005B1AE0 /* empty.png */,
				901523FC2A48927C005B1AE0 /* bar.png */,
			);
			path = Resource;
			sourceTree = "<group>";
		};
		9095E5B02A4291D900BD97F1 /* TetrisUnitTest */ = {
			isa = PBXGroup;
			children = (
				9095E5B82A4297CA00BD97F1 /* TetrisBarTest.swift */,
				9095E5B12A4291D900BD97F1 /* TetrisUnitTest.swift */,
			);
			path = TetrisUnitTest;
			sourceTree = "<group>";
		};
		F0B3355D1F0E517000A8F6DF = {
			isa = PBXGroup;
			children = (
				F0B335681F0E517100A8F6DF /* Tetris */,
				9095E5B02A4291D900BD97F1 /* TetrisUnitTest */,
				F0B335671F0E517100A8F6DF /* Products */,
			);
			sourceTree = "<group>";
		};
		F0B335671F0E517100A8F6DF /* Products */ = {
			isa = PBXGroup;
			children = (
				F0B335661F0E517100A8F6DF /* Tetris.app */,
				9095E5AF2A4291D900BD97F1 /* TetrisUnitTest.xctest */,
			);
			name = Products;
			sourceTree = "<group>";
		};
		F0B335681F0E517100A8F6DF /* Tetris */ = {
			isa = PBXGroup;
			children = (
				901523FB2A489266005B1AE0 /* Resource */,
				F0B335691F0E517100A8F6DF /* AppDelegate.swift */,
				F0B335751F0E517200A8F6DF /* Info.plist */,
				F0B335721F0E517200A8F6DF /* LaunchScreen.storyboard */,
				900064562A44750A008B7CF9 /* Model */,
				900064742A447513008B7CF9 /* View */,
			);
			path = Tetris;
			sourceTree = "<group>";
		};
/* End PBXGroup section */

/* Begin PBXNativeTarget section */
		9095E5AE2A4291D900BD97F1 /* TetrisUnitTest */ = {
			isa = PBXNativeTarget;
			buildConfigurationList = 9095E5B52A4291D900BD97F1 /* Build configuration list for PBXNativeTarget "TetrisUnitTest" */;
			buildPhases = (
				9095E5AB2A4291D900BD97F1 /* Sources */,
				9095E5AC2A4291D900BD97F1 /* Frameworks */,
				9095E5AD2A4291D900BD97F1 /* Resources */,
			);
			buildRules = (
			);
			dependencies = (
				9095E5B42A4291D900BD97F1 /* PBXTargetDependency */,
			);
			name = TetrisUnitTest;
			productName = TetrisUnitTest;
			productReference = 9095E5AF2A4291D900BD97F1 /* TetrisUnitTest.xctest */;
			productType = "com.apple.product-type.bundle.unit-test";
		};
		F0B335651F0E517100A8F6DF /* Tetris */ = {
			isa = PBXNativeTarget;
			buildConfigurationList = F0B335781F0E517200A8F6DF /* Build configuration list for PBXNativeTarget "Tetris" */;
			buildPhases = (
				F0B335621F0E517100A8F6DF /* Sources */,
				F0B335631F0E517100A8F6DF /* Frameworks */,
				F0B335641F0E517100A8F6DF /* Resources */,
				F0E8A8071F937A0F00258E76 /* Embed Frameworks */,
			);
			buildRules = (
			);
			dependencies = (
			);
			name = Tetris;
			productName = Breris;
			productReference = F0B335661F0E517100A8F6DF /* Tetris.app */;
			productType = "com.apple.product-type.application";
		};
/* End PBXNativeTarget section */

/* Begin PBXProject section */
		F0B3355E1F0E517000A8F6DF /* Project object */ = {
			isa = PBXProject;
			attributes = {
				LastSwiftUpdateCheck = 1430;
				LastUpgradeCheck = 1120;
				ORGANIZATIONNAME = shichimitoucarashi;
				TargetAttributes = {
					9095E5AE2A4291D900BD97F1 = {
						CreatedOnToolsVersion = 14.3;
						DevelopmentTeam = D3DW67HS9F;
						ProvisioningStyle = Automatic;
						TestTargetID = F0B335651F0E517100A8F6DF;
					};
					F0B335651F0E517100A8F6DF = {
						CreatedOnToolsVersion = 8.3.3;
						DevelopmentTeam = D3DW67HS9F;
						LastSwiftMigration = 0910;
						ProvisioningStyle = Automatic;
					};
				};
			};
			buildConfigurationList = F0B335611F0E517000A8F6DF /* Build configuration list for PBXProject "Tetris" */;
			compatibilityVersion = "Xcode 3.2";
			developmentRegion = en;
			hasScannedForEncodings = 0;
			knownRegions = (
				en,
				Base,
			);
			mainGroup = F0B3355D1F0E517000A8F6DF;
			productRefGroup = F0B335671F0E517100A8F6DF /* Products */;
			projectDirPath = "";
			projectRoot = "";
			targets = (
				F0B335651F0E517100A8F6DF /* Tetris */,
				9095E5AE2A4291D900BD97F1 /* TetrisUnitTest */,
			);
		};
/* End PBXProject section */

/* Begin PBXResourcesBuildPhase section */
		9095E5AD2A4291D900BD97F1 /* Resources */ = {
			isa = PBXResourcesBuildPhase;
			buildActionMask = 2147483647;
			files = (
			);
			runOnlyForDeploymentPostprocessing = 0;
		};
		F0B335641F0E517100A8F6DF /* Resources */ = {
			isa = PBXResourcesBuildPhase;
			buildActionMask = 2147483647;
			files = (
				900064882A48738C008B7CF9 /* Bar.xib in Resources */,
				F0B335741F0E517200A8F6DF /* LaunchScreen.storyboard in Resources */,
				901523FF2A489281005B1AE0 /* empty.png in Resources */,
				900064842A447513008B7CF9 /* Tetris.storyboard in Resources */,
				901523FD2A48927C005B1AE0 /* bar.png in Resources */,
			);
			runOnlyForDeploymentPostprocessing = 0;
		};
/* End PBXResourcesBuildPhase section */

/* Begin PBXSourcesBuildPhase section */
		9095E5AB2A4291D900BD97F1 /* Sources */ = {
			isa = PBXSourcesBuildPhase;
			buildActionMask = 2147483647;
			files = (
				9095E5B92A4297CA00BD97F1 /* TetrisBarTest.swift in Sources */,
				9095E5B22A4291D900BD97F1 /* TetrisUnitTest.swift in Sources */,
			);
			runOnlyForDeploymentPostprocessing = 0;
		};
		F0B335621F0E517100A8F6DF /* Sources */ = {
			isa = PBXSourcesBuildPhase;
			buildActionMask = 2147483647;
			files = (
				9000646D2A44750A008B7CF9 /* UIViewController+.swift in Sources */,
				900064712A44750B008B7CF9 /* Which.swift in Sources */,
				9000646C2A44750A008B7CF9 /* Alert.swift in Sources */,
				9000648C2A4875A3008B7CF9 /* UIView+.swift in Sources */,
				9000646A2A44750A008B7CF9 /* Bars.swift in Sources */,
				900064682A44750A008B7CF9 /* DebugLog.swift in Sources */,
				900064832A447513008B7CF9 /* TetrisViewController.swift in Sources */,
				900064722A44750B008B7CF9 /* BarStore.swift in Sources */,
				900064732A44750B008B7CF9 /* Cp.swift in Sources */,
				900064812A447513008B7CF9 /* FieldView.swift in Sources */,
				900064802A447513008B7CF9 /* Bar.swift in Sources */,
				9000646B2A44750A008B7CF9 /* Level.swift in Sources */,
				C791D7D81FE6205E00983F80 /* AppDelegate.swift in Sources */,
				900064702A44750B008B7CF9 /* Bs.swift in Sources */,
				900064862A47368B008B7CF9 /* Random.swift in Sources */,
				900064822A447513008B7CF9 /* NextBarField.swift in Sources */,
				9000646F2A44750A008B7CF9 /* Constants.swift in Sources */,
				901524052A48970F005B1AE0 /* UIColor+.swift in Sources */,
			);
			runOnlyForDeploymentPostprocessing = 0;
		};
/* End PBXSourcesBuildPhase section */

/* Begin PBXTargetDependency section */
		9095E5B42A4291D900BD97F1 /* PBXTargetDependency */ = {
			isa = PBXTargetDependency;
			target = F0B335651F0E517100A8F6DF /* Tetris */;
			targetProxy = 9095E5B32A4291D900BD97F1 /* PBXContainerItemProxy */;
		};
/* End PBXTargetDependency section */

/* Begin PBXVariantGroup section */
		F0B335721F0E517200A8F6DF /* LaunchScreen.storyboard */ = {
			isa = PBXVariantGroup;
			children = (
				F0B335731F0E517200A8F6DF /* Base */,
			);
			name = LaunchScreen.storyboard;
			sourceTree = "<group>";
		};
/* End PBXVariantGroup section */

/* Begin XCBuildConfiguration section */
		9095E5B62A4291D900BD97F1 /* Debug */ = {
			isa = XCBuildConfiguration;
			buildSettings = {
				BUNDLE_LOADER = "$(TEST_HOST)";
				CLANG_CXX_LANGUAGE_STANDARD = "gnu++20";
				CLANG_ENABLE_OBJC_WEAK = YES;
				CLANG_WARN_QUOTED_INCLUDE_IN_FRAMEWORK_HEADER = YES;
				CLANG_WARN_UNGUARDED_AVAILABILITY = YES_AGGRESSIVE;
				CODE_SIGN_STYLE = Automatic;
				CURRENT_PROJECT_VERSION = 1;
				DEVELOPMENT_TEAM = D3DW67HS9F;
				GCC_C_LANGUAGE_STANDARD = gnu11;
				GENERATE_INFOPLIST_FILE = YES;
				IPHONEOS_DEPLOYMENT_TARGET = 13.0;
				MACOSX_DEPLOYMENT_TARGET = 13.0;
				MARKETING_VERSION = 1.0;
				MTL_ENABLE_DEBUG_INFO = INCLUDE_SOURCE;
				MTL_FAST_MATH = YES;
				PRODUCT_BUNDLE_IDENTIFIER = com.shichimitoucarashi.TetrisUnitTest;
				PRODUCT_NAME = "$(TARGET_NAME)";
				SUPPORTED_PLATFORMS = "iphoneos iphonesimulator";
				SUPPORTS_MACCATALYST = NO;
				SUPPORTS_MAC_DESIGNED_FOR_IPHONE_IPAD = NO;
				SWIFT_EMIT_LOC_STRINGS = NO;
				SWIFT_VERSION = 5.0;
				TARGETED_DEVICE_FAMILY = 1;
				TEST_HOST = "$(BUILT_PRODUCTS_DIR)/Tetris.app/$(BUNDLE_EXECUTABLE_FOLDER_PATH)Tetris";
			};
			name = Debug;
		};
		9095E5B72A4291D900BD97F1 /* Release */ = {
			isa = XCBuildConfiguration;
			buildSettings = {
				BUNDLE_LOADER = "$(TEST_HOST)";
				CLANG_CXX_LANGUAGE_STANDARD = "gnu++20";
				CLANG_ENABLE_OBJC_WEAK = YES;
				CLANG_WARN_QUOTED_INCLUDE_IN_FRAMEWORK_HEADER = YES;
				CLANG_WARN_UNGUARDED_AVAILABILITY = YES_AGGRESSIVE;
				CODE_SIGN_STYLE = Automatic;
				CURRENT_PROJECT_VERSION = 1;
				DEVELOPMENT_TEAM = D3DW67HS9F;
				GCC_C_LANGUAGE_STANDARD = gnu11;
				GENERATE_INFOPLIST_FILE = YES;
				IPHONEOS_DEPLOYMENT_TARGET = 13.0;
				MACOSX_DEPLOYMENT_TARGET = 13.0;
				MARKETING_VERSION = 1.0;
				MTL_FAST_MATH = YES;
				PRODUCT_BUNDLE_IDENTIFIER = com.shichimitoucarashi.TetrisUnitTest;
				PRODUCT_NAME = "$(TARGET_NAME)";
				SUPPORTED_PLATFORMS = "iphoneos iphonesimulator";
				SUPPORTS_MACCATALYST = NO;
				SUPPORTS_MAC_DESIGNED_FOR_IPHONE_IPAD = NO;
				SWIFT_EMIT_LOC_STRINGS = NO;
				SWIFT_VERSION = 5.0;
				TARGETED_DEVICE_FAMILY = 1;
				TEST_HOST = "$(BUILT_PRODUCTS_DIR)/Tetris.app/$(BUNDLE_EXECUTABLE_FOLDER_PATH)Tetris";
			};
			name = Release;
		};
		F0B335761F0E517200A8F6DF /* Debug */ = {
			isa = XCBuildConfiguration;
			buildSettings = {
				ALWAYS_SEARCH_USER_PATHS = NO;
				CLANG_ANALYZER_LOCALIZABILITY_NONLOCALIZED = YES;
				CLANG_ANALYZER_NONNULL = YES;
				CLANG_ANALYZER_NUMBER_OBJECT_CONVERSION = YES_AGGRESSIVE;
				CLANG_CXX_LANGUAGE_STANDARD = "gnu++0x";
				CLANG_CXX_LIBRARY = "libc++";
				CLANG_ENABLE_MODULES = YES;
				CLANG_ENABLE_OBJC_ARC = YES;
				CLANG_WARN_BLOCK_CAPTURE_AUTORELEASING = YES;
				CLANG_WARN_BOOL_CONVERSION = YES;
				CLANG_WARN_COMMA = YES;
				CLANG_WARN_CONSTANT_CONVERSION = YES;
				CLANG_WARN_DEPRECATED_OBJC_IMPLEMENTATIONS = YES;
				CLANG_WARN_DIRECT_OBJC_ISA_USAGE = YES_ERROR;
				CLANG_WARN_DOCUMENTATION_COMMENTS = YES;
				CLANG_WARN_EMPTY_BODY = YES;
				CLANG_WARN_ENUM_CONVERSION = YES;
				CLANG_WARN_INFINITE_RECURSION = YES;
				CLANG_WARN_INT_CONVERSION = YES;
				CLANG_WARN_NON_LITERAL_NULL_CONVERSION = YES;
				CLANG_WARN_OBJC_IMPLICIT_RETAIN_SELF = YES;
				CLANG_WARN_OBJC_LITERAL_CONVERSION = YES;
				CLANG_WARN_OBJC_ROOT_CLASS = YES_ERROR;
				CLANG_WARN_RANGE_LOOP_ANALYSIS = YES;
				CLANG_WARN_STRICT_PROTOTYPES = YES;
				CLANG_WARN_SUSPICIOUS_MOVE = YES;
				CLANG_WARN_UNREACHABLE_CODE = YES;
				CLANG_WARN__DUPLICATE_METHOD_MATCH = YES;
				"CODE_SIGN_IDENTITY[sdk=iphoneos*]" = "iPhone Developer";
				COPY_PHASE_STRIP = NO;
				DEBUG_INFORMATION_FORMAT = dwarf;
				ENABLE_STRICT_OBJC_MSGSEND = YES;
				ENABLE_TESTABILITY = YES;
				GCC_C_LANGUAGE_STANDARD = gnu99;
				GCC_DYNAMIC_NO_PIC = NO;
				GCC_NO_COMMON_BLOCKS = YES;
				GCC_OPTIMIZATION_LEVEL = 0;
				GCC_PREPROCESSOR_DEFINITIONS = (
					"DEBUG=1",
					"$(inherited)",
				);
				GCC_WARN_64_TO_32_BIT_CONVERSION = YES;
				GCC_WARN_ABOUT_RETURN_TYPE = YES_ERROR;
				GCC_WARN_UNDECLARED_SELECTOR = YES;
				GCC_WARN_UNINITIALIZED_AUTOS = YES_AGGRESSIVE;
				GCC_WARN_UNUSED_FUNCTION = YES;
				GCC_WARN_UNUSED_VARIABLE = YES;
				IPHONEOS_DEPLOYMENT_TARGET = 9.1;
				MTL_ENABLE_DEBUG_INFO = YES;
				ONLY_ACTIVE_ARCH = YES;
				SDKROOT = iphoneos;
				SWIFT_ACTIVE_COMPILATION_CONDITIONS = DEBUG;
				SWIFT_OPTIMIZATION_LEVEL = "-Onone";
				SWIFT_SWIFT3_OBJC_INFERENCE = Default;
				SWIFT_VERSION = 5.0;
				TARGETED_DEVICE_FAMILY = "1,2";
			};
			name = Debug;
		};
		F0B335771F0E517200A8F6DF /* Release */ = {
			isa = XCBuildConfiguration;
			buildSettings = {
				ALWAYS_SEARCH_USER_PATHS = NO;
				CLANG_ANALYZER_LOCALIZABILITY_NONLOCALIZED = YES;
				CLANG_ANALYZER_NONNULL = YES;
				CLANG_ANALYZER_NUMBER_OBJECT_CONVERSION = YES_AGGRESSIVE;
				CLANG_CXX_LANGUAGE_STANDARD = "gnu++0x";
				CLANG_CXX_LIBRARY = "libc++";
				CLANG_ENABLE_MODULES = YES;
				CLANG_ENABLE_OBJC_ARC = YES;
				CLANG_WARN_BLOCK_CAPTURE_AUTORELEASING = YES;
				CLANG_WARN_BOOL_CONVERSION = YES;
				CLANG_WARN_COMMA = YES;
				CLANG_WARN_CONSTANT_CONVERSION = YES;
				CLANG_WARN_DEPRECATED_OBJC_IMPLEMENTATIONS = YES;
				CLANG_WARN_DIRECT_OBJC_ISA_USAGE = YES_ERROR;
				CLANG_WARN_DOCUMENTATION_COMMENTS = YES;
				CLANG_WARN_EMPTY_BODY = YES;
				CLANG_WARN_ENUM_CONVERSION = YES;
				CLANG_WARN_INFINITE_RECURSION = YES;
				CLANG_WARN_INT_CONVERSION = YES;
				CLANG_WARN_NON_LITERAL_NULL_CONVERSION = YES;
				CLANG_WARN_OBJC_IMPLICIT_RETAIN_SELF = YES;
				CLANG_WARN_OBJC_LITERAL_CONVERSION = YES;
				CLANG_WARN_OBJC_ROOT_CLASS = YES_ERROR;
				CLANG_WARN_RANGE_LOOP_ANALYSIS = YES;
				CLANG_WARN_STRICT_PROTOTYPES = YES;
				CLANG_WARN_SUSPICIOUS_MOVE = YES;
				CLANG_WARN_UNREACHABLE_CODE = YES;
				CLANG_WARN__DUPLICATE_METHOD_MATCH = YES;
				"CODE_SIGN_IDENTITY[sdk=iphoneos*]" = "iPhone Developer";
				COPY_PHASE_STRIP = NO;
				DEBUG_INFORMATION_FORMAT = "dwarf-with-dsym";
				ENABLE_NS_ASSERTIONS = NO;
				ENABLE_STRICT_OBJC_MSGSEND = YES;
				GCC_C_LANGUAGE_STANDARD = gnu99;
				GCC_NO_COMMON_BLOCKS = YES;
				GCC_WARN_64_TO_32_BIT_CONVERSION = YES;
				GCC_WARN_ABOUT_RETURN_TYPE = YES_ERROR;
				GCC_WARN_UNDECLARED_SELECTOR = YES;
				GCC_WARN_UNINITIALIZED_AUTOS = YES_AGGRESSIVE;
				GCC_WARN_UNUSED_FUNCTION = YES;
				GCC_WARN_UNUSED_VARIABLE = YES;
				IPHONEOS_DEPLOYMENT_TARGET = 9.1;
				MTL_ENABLE_DEBUG_INFO = NO;
				SDKROOT = iphoneos;
				SWIFT_OPTIMIZATION_LEVEL = "-Owholemodule";
				SWIFT_SWIFT3_OBJC_INFERENCE = Default;
				SWIFT_VERSION = 5.0;
				TARGETED_DEVICE_FAMILY = "1,2";
				VALIDATE_PRODUCT = YES;
			};
			name = Release;
		};
		F0B335791F0E517200A8F6DF /* Debug */ = {
			isa = XCBuildConfiguration;
			buildSettings = {
				ASSETCATALOG_COMPILER_ALTERNATE_APPICON_NAMES = "";
				ASSETCATALOG_COMPILER_INCLUDE_ALL_APPICON_ASSETS = NO;
				ASSETCATALOG_COMPILER_LAUNCHIMAGE_NAME = LaunchImage;
				CLANG_OPTIMIZATION_PROFILE_FILE = "";
				CODE_SIGN_IDENTITY = "";
				"CODE_SIGN_IDENTITY[sdk=iphoneos*]" = "iPhone Developer";
				CODE_SIGN_STYLE = Automatic;
				DEVELOPMENT_TEAM = D3DW67HS9F;
				FRAMEWORK_SEARCH_PATHS = "$(inherited)";
				"GCC_PREPROCESSOR_DEFINITIONS[arch=*]" = "$(inherited)";
				INFOPLIST_FILE = Tetris/Info.plist;
				INFOPLIST_KEY_LSApplicationCategoryType = "public.app-category.puzzle-games";
				IPHONEOS_DEPLOYMENT_TARGET = 11.0;
				LD_RUNPATH_SEARCH_PATHS = "$(inherited) @executable_path/Frameworks";
				MARKETING_VERSION = 1.0.1;
				PRODUCT_BUNDLE_IDENTIFIER = com.shichimitoucarashi.Tetris;
				PRODUCT_NAME = "$(TARGET_NAME)";
				PROVISIONING_PROFILE_SPECIFIER = "";
				SWIFT_SWIFT3_OBJC_INFERENCE = Default;
				SWIFT_VERSION = 5.0;
				TARGETED_DEVICE_FAMILY = 1;
			};
			name = Debug;
		};
		F0B3357A1F0E517200A8F6DF /* Release */ = {
			isa = XCBuildConfiguration;
			buildSettings = {
				ASSETCATALOG_COMPILER_ALTERNATE_APPICON_NAMES = "";
				ASSETCATALOG_COMPILER_INCLUDE_ALL_APPICON_ASSETS = NO;
				ASSETCATALOG_COMPILER_LAUNCHIMAGE_NAME = LaunchImage;
				CLANG_OPTIMIZATION_PROFILE_FILE = "";
				CODE_SIGN_IDENTITY = "iPhone Distribution: keisuke yamagishi (D3DW67HS9F)";
				"CODE_SIGN_IDENTITY[sdk=iphoneos*]" = "iPhone Developer";
				CODE_SIGN_STYLE = Automatic;
				DEVELOPMENT_TEAM = D3DW67HS9F;
				FRAMEWORK_SEARCH_PATHS = "$(inherited)";
				INFOPLIST_FILE = Tetris/Info.plist;
				INFOPLIST_KEY_LSApplicationCategoryType = "public.app-category.puzzle-games";
				IPHONEOS_DEPLOYMENT_TARGET = 11.0;
				LD_RUNPATH_SEARCH_PATHS = "$(inherited) @executable_path/Frameworks";
				MARKETING_VERSION = 1.0.1;
				PRODUCT_BUNDLE_IDENTIFIER = com.shichimitoucarashi.Tetris;
				PRODUCT_NAME = "$(TARGET_NAME)";
				PROVISIONING_PROFILE_SPECIFIER = "";
				SWIFT_SWIFT3_OBJC_INFERENCE = Default;
				SWIFT_VERSION = 5.0;
				TARGETED_DEVICE_FAMILY = 1;
			};
			name = Release;
		};
/* End XCBuildConfiguration section */

/* Begin XCConfigurationList section */
		9095E5B52A4291D900BD97F1 /* Build configuration list for PBXNativeTarget "TetrisUnitTest" */ = {
			isa = XCConfigurationList;
			buildConfigurations = (
				9095E5B62A4291D900BD97F1 /* Debug */,
				9095E5B72A4291D900BD97F1 /* Release */,
			);
			defaultConfigurationIsVisible = 0;
			defaultConfigurationName = Release;
		};
		F0B335611F0E517000A8F6DF /* Build configuration list for PBXProject "Tetris" */ = {
			isa = XCConfigurationList;
			buildConfigurations = (
				F0B335761F0E517200A8F6DF /* Debug */,
				F0B335771F0E517200A8F6DF /* Release */,
			);
			defaultConfigurationIsVisible = 0;
			defaultConfigurationName = Release;
		};
		F0B335781F0E517200A8F6DF /* Build configuration list for PBXNativeTarget "Tetris" */ = {
			isa = XCConfigurationList;
			buildConfigurations = (
				F0B335791F0E517200A8F6DF /* Debug */,
				F0B3357A1F0E517200A8F6DF /* Release */,
			);
			defaultConfigurationIsVisible = 0;
			defaultConfigurationName = Release;
		};
/* End XCConfigurationList section */
	};
	rootObject = F0B3355E1F0E517000A8F6DF /* Project object */;
}
